
Microsoft Visual Studio Solution File, Format Version 12.00
# Visual Studio 15
Project("{FAE04EC0-301F-11D3-BF4B-00C04F79EFBC}") = "JuegoNaves", "JuegoNaves.csproj", "{536BF601-302D-99B4-6355-F1073B43AD55}"
EndProject
Project("{FAE04EC0-301F-11D3-BF4B-00C04F79EFBC}") = "JuegoNaves.Plugins", "JuegoNaves.Plugins.csproj", "{F1919BA4-5CD0-3304-41AD-DF56CDD64C48}"
EndProject
Project("{FAE04EC0-301F-11D3-BF4B-00C04F79EFBC}") = "JuegoNaves.Editor.Plugins", "JuegoNaves.Editor.Plugins.csproj", "{597471CB-6250-A27C-DC7B-5CB3E42336D4}"
EndProject
Global
	GlobalSection(SolutionConfigurationPlatforms) = preSolution
		Debug|Any CPU = Debug|Any CPU
		Release|Any CPU = Release|Any CPU
	EndGlobalSection
	GlobalSection(ProjectConfigurationPlatforms) = postSolution
		{536BF601-302D-99B4-6355-F1073B43AD55}.Debug|Any CPU.ActiveCfg = Debug|Any CPU
		{536BF601-302D-99B4-6355-F1073B43AD55}.Debug|Any CPU.Build.0 = Debug|Any CPU
		{536BF601-302D-99B4-6355-F1073B43AD55}.Release|Any CPU.ActiveCfg = Release|Any CPU
		{536BF601-302D-99B4-6355-F1073B43AD55}.Release|Any CPU.Build.0 = Release|Any CPU
		{F1919BA4-5CD0-3304-41AD-DF56CDD64C48}.Debug|Any CPU.ActiveCfg = Debug|Any CPU
		{F1919BA4-5CD0-3304-41AD-DF56CDD64C48}.Debug|Any CPU.Build.0 = Debug|Any CPU
		{F1919BA4-5CD0-3304-41AD-DF56CDD64C48}.Release|Any CPU.ActiveCfg = Release|Any CPU
		{F1919BA4-5CD0-3304-41AD-DF56CDD64C48}.Release|Any CPU.Build.0 = Release|Any CPU
		{597471CB-6250-A27C-DC7B-5CB3E42336D4}.Debug|Any CPU.ActiveCfg = Debug|Any CPU
		{597471CB-6250-A27C-DC7B-5CB3E42336D4}.Debug|Any CPU.Build.0 = Debug|Any CPU
		{597471CB-6250-A27C-DC7B-5CB3E42336D4}.Release|Any CPU.ActiveCfg = Release|Any CPU
		{597471CB-6250-A27C-DC7B-5CB3E42336D4}.Release|Any CPU.Build.0 = Release|Any CPU
	EndGlobalSection
	GlobalSection(SolutionProperties) = preSolution
		HideSolutionNode = FALSE
	EndGlobalSection
EndGlobal
